
Microsoft Visual Studio Solution File, Format Version 12.00
Project("{FAE04EC0-301F-11D3-BF4B-00C04F79EFBC}") = "ConsoleApp2", "ConsoleApp2\ConsoleApp2.csproj", "{C26CB080-2AC5-481D-8B3F-8E8786517E72}"
EndProject
Project("{2150E333-8FDC-42A3-9474-1A3956D46DE8}") = "Alarmer", "Alarmer", "{214DFA6D-A2F3-4FF4-84A7-A25593F596A3}"
EndProject
Project("{FAE04EC0-301F-11D3-BF4B-00C04F79EFBC}") = "AlarmClock.App", "AlarmClock.App\AlarmClock.App.csproj", "{3377AAF7-B2C0-4DF9-9373-D27364605E03}"
EndProject
Project("{FAE04EC0-301F-11D3-BF4B-00C04F79EFBC}") = "AlarmClock.Test", "AlarmClock.Test\AlarmClock.Test.csproj", "{5334972B-B503-435A-BE7A-4FD3129F27D2}"
EndProject
Project("{FAE04EC0-301F-11D3-BF4B-00C04F79EFBC}") = "AlaramClock.Test.BDD", "AlaramClock.Test.BDD\AlaramClock.Test.BDD.csproj", "{3B487BB1-7AAF-40FF-B3F9-62C969BF4093}"
EndProject
Project("{FAE04EC0-301F-11D3-BF4B-00C04F79EFBC}") = "BirthdayReminder.App", "BirthdayReminder.App\BirthdayReminder.App.csproj", "{4D9AE48C-EF7C-42FA-944F-ABBCF00DD2C0}"
EndProject
Project("{FAE04EC0-301F-11D3-BF4B-00C04F79EFBC}") = "BirthdayReminder.Test", "BirthdayReminder.Test\BirthdayReminder.Test.csproj", "{11CABAB1-A33E-4E31-B791-4186E9787320}"
EndProject
Project("{2150E333-8FDC-42A3-9474-1A3956D46DE8}") = "BirthdayReminder", "BirthdayReminder", "{715BB07F-F935-4CA0-9E2A-6E30ABF0E447}"
EndProject
Project("{FAE04EC0-301F-11D3-BF4B-00C04F79EFBC}") = "BirthdayReminder.Test.Bdd", "BirthdayReminder.Test.Bdd\BirthdayReminder.Test.Bdd.csproj", "{5B4CFDD7-5268-44DC-BB0C-F1627AE43D07}"
EndProject
Project("{2150E333-8FDC-42A3-9474-1A3956D46DE8}") = "FootballSimulator", "FootballSimulator", "{8A6DDD6A-1C24-4440-84B9-A967CB42A52C}"
EndProject
Project("{FAE04EC0-301F-11D3-BF4B-00C04F79EFBC}") = "FootballSimulator.App", "FootballSimulator.App\FootballSimulator.App.csproj", "{18B11A32-49AE-4BC4-B43B-C0A048704AD7}"
EndProject
Project("{FAE04EC0-301F-11D3-BF4B-00C04F79EFBC}") = "FootballSimulator.Tests.Bdd", "FootballSimulator.Tests.Bdd\FootballSimulator.Tests.Bdd.csproj", "{0B84F657-F998-4541-B617-BAE0131F8340}"
EndProject
Project("{FAE04EC0-301F-11D3-BF4B-00C04F79EFBC}") = "FootballSimulator.Tests", "FootballSimulator.Tests\FootballSimulator.Tests.csproj", "{5B2F8CA4-3B86-48BF-8E2B-FFC9D7D571C6}"
EndProject
Project("{FAE04EC0-301F-11D3-BF4B-00C04F79EFBC}") = "PasswordManager.App", "PasswordManager.App\PasswordManager.App.csproj", "{DD91C1AB-D6C3-4466-B21F-ED48D44637B0}"
EndProject
Project("{FAE04EC0-301F-11D3-BF4B-00C04F79EFBC}") = "PasswordManager.Test", "PasswordManager.Test\PasswordManager.Test.csproj", "{CADB5210-A292-4DA7-A1F6-DFF6EB85DEED}"
EndProject
Project("{FAE04EC0-301F-11D3-BF4B-00C04F79EFBC}") = "PasswordManager.Test.Bdd", "PasswordManager.Test.Bdd\PasswordManager.Test.Bdd.csproj", "{C9E17FF4-41FA-4871-A949-6E6C4B7924C9}"
EndProject
Project("{2150E333-8FDC-42A3-9474-1A3956D46DE8}") = "PasswordManager", "PasswordManager", "{7D806A8F-96BE-462C-93EE-E6F7472AB39F}"
EndProject
Global
	GlobalSection(SolutionConfigurationPlatforms) = preSolution
		Debug|Any CPU = Debug|Any CPU
		Release|Any CPU = Release|Any CPU
	EndGlobalSection
	GlobalSection(ProjectConfigurationPlatforms) = postSolution
		{C26CB080-2AC5-481D-8B3F-8E8786517E72}.Debug|Any CPU.ActiveCfg = Debug|Any CPU
		{C26CB080-2AC5-481D-8B3F-8E8786517E72}.Debug|Any CPU.Build.0 = Debug|Any CPU
		{C26CB080-2AC5-481D-8B3F-8E8786517E72}.Release|Any CPU.ActiveCfg = Release|Any CPU
		{C26CB080-2AC5-481D-8B3F-8E8786517E72}.Release|Any CPU.Build.0 = Release|Any CPU
		{3377AAF7-B2C0-4DF9-9373-D27364605E03}.Debug|Any CPU.ActiveCfg = Debug|Any CPU
		{3377AAF7-B2C0-4DF9-9373-D27364605E03}.Debug|Any CPU.Build.0 = Debug|Any CPU
		{3377AAF7-B2C0-4DF9-9373-D27364605E03}.Release|Any CPU.ActiveCfg = Release|Any CPU
		{3377AAF7-B2C0-4DF9-9373-D27364605E03}.Release|Any CPU.Build.0 = Release|Any CPU
		{5334972B-B503-435A-BE7A-4FD3129F27D2}.Debug|Any CPU.ActiveCfg = Debug|Any CPU
		{5334972B-B503-435A-BE7A-4FD3129F27D2}.Debug|Any CPU.Build.0 = Debug|Any CPU
		{5334972B-B503-435A-BE7A-4FD3129F27D2}.Release|Any CPU.ActiveCfg = Release|Any CPU
		{5334972B-B503-435A-BE7A-4FD3129F27D2}.Release|Any CPU.Build.0 = Release|Any CPU
		{3B487BB1-7AAF-40FF-B3F9-62C969BF4093}.Debug|Any CPU.ActiveCfg = Debug|Any CPU
		{3B487BB1-7AAF-40FF-B3F9-62C969BF4093}.Debug|Any CPU.Build.0 = Debug|Any CPU
		{3B487BB1-7AAF-40FF-B3F9-62C969BF4093}.Release|Any CPU.ActiveCfg = Release|Any CPU
		{3B487BB1-7AAF-40FF-B3F9-62C969BF4093}.Release|Any CPU.Build.0 = Release|Any CPU
		{4D9AE48C-EF7C-42FA-944F-ABBCF00DD2C0}.Debug|Any CPU.ActiveCfg = Debug|Any CPU
		{4D9AE48C-EF7C-42FA-944F-ABBCF00DD2C0}.Debug|Any CPU.Build.0 = Debug|Any CPU
		{4D9AE48C-EF7C-42FA-944F-ABBCF00DD2C0}.Release|Any CPU.ActiveCfg = Release|Any CPU
		{4D9AE48C-EF7C-42FA-944F-ABBCF00DD2C0}.Release|Any CPU.Build.0 = Release|Any CPU
		{11CABAB1-A33E-4E31-B791-4186E9787320}.Debug|Any CPU.ActiveCfg = Debug|Any CPU
		{11CABAB1-A33E-4E31-B791-4186E9787320}.Debug|Any CPU.Build.0 = Debug|Any CPU
		{11CABAB1-A33E-4E31-B791-4186E9787320}.Release|Any CPU.ActiveCfg = Release|Any CPU
		{11CABAB1-A33E-4E31-B791-4186E9787320}.Release|Any CPU.Build.0 = Release|Any CPU
		{5B4CFDD7-5268-44DC-BB0C-F1627AE43D07}.Debug|Any CPU.ActiveCfg = Debug|Any CPU
		{5B4CFDD7-5268-44DC-BB0C-F1627AE43D07}.Debug|Any CPU.Build.0 = Debug|Any CPU
		{5B4CFDD7-5268-44DC-BB0C-F1627AE43D07}.Release|Any CPU.ActiveCfg = Release|Any CPU
		{5B4CFDD7-5268-44DC-BB0C-F1627AE43D07}.Release|Any CPU.Build.0 = Release|Any CPU
		{18B11A32-49AE-4BC4-B43B-C0A048704AD7}.Debug|Any CPU.ActiveCfg = Debug|Any CPU
		{18B11A32-49AE-4BC4-B43B-C0A048704AD7}.Debug|Any CPU.Build.0 = Debug|Any CPU
		{18B11A32-49AE-4BC4-B43B-C0A048704AD7}.Release|Any CPU.ActiveCfg = Release|Any CPU
		{18B11A32-49AE-4BC4-B43B-C0A048704AD7}.Release|Any CPU.Build.0 = Release|Any CPU
		{0B84F657-F998-4541-B617-BAE0131F8340}.Debug|Any CPU.ActiveCfg = Debug|Any CPU
		{0B84F657-F998-4541-B617-BAE0131F8340}.Debug|Any CPU.Build.0 = Debug|Any CPU
		{0B84F657-F998-4541-B617-BAE0131F8340}.Release|Any CPU.ActiveCfg = Release|Any CPU
		{0B84F657-F998-4541-B617-BAE0131F8340}.Release|Any CPU.Build.0 = Release|Any CPU
		{5B2F8CA4-3B86-48BF-8E2B-FFC9D7D571C6}.Debug|Any CPU.ActiveCfg = Debug|Any CPU
		{5B2F8CA4-3B86-48BF-8E2B-FFC9D7D571C6}.Debug|Any CPU.Build.0 = Debug|Any CPU
		{5B2F8CA4-3B86-48BF-8E2B-FFC9D7D571C6}.Release|Any CPU.ActiveCfg = Release|Any CPU
		{5B2F8CA4-3B86-48BF-8E2B-FFC9D7D571C6}.Release|Any CPU.Build.0 = Release|Any CPU
		{DD91C1AB-D6C3-4466-B21F-ED48D44637B0}.Debug|Any CPU.ActiveCfg = Debug|Any CPU
		{DD91C1AB-D6C3-4466-B21F-ED48D44637B0}.Debug|Any CPU.Build.0 = Debug|Any CPU
		{DD91C1AB-D6C3-4466-B21F-ED48D44637B0}.Release|Any CPU.ActiveCfg = Release|Any CPU
		{DD91C1AB-D6C3-4466-B21F-ED48D44637B0}.Release|Any CPU.Build.0 = Release|Any CPU
		{CADB5210-A292-4DA7-A1F6-DFF6EB85DEED}.Debug|Any CPU.ActiveCfg = Debug|Any CPU
		{CADB5210-A292-4DA7-A1F6-DFF6EB85DEED}.Debug|Any CPU.Build.0 = Debug|Any CPU
		{CADB5210-A292-4DA7-A1F6-DFF6EB85DEED}.Release|Any CPU.ActiveCfg = Release|Any CPU
		{CADB5210-A292-4DA7-A1F6-DFF6EB85DEED}.Release|Any CPU.Build.0 = Release|Any CPU
		{C9E17FF4-41FA-4871-A949-6E6C4B7924C9}.Debug|Any CPU.ActiveCfg = Debug|Any CPU
		{C9E17FF4-41FA-4871-A949-6E6C4B7924C9}.Debug|Any CPU.Build.0 = Debug|Any CPU
		{C9E17FF4-41FA-4871-A949-6E6C4B7924C9}.Release|Any CPU.ActiveCfg = Release|Any CPU
		{C9E17FF4-41FA-4871-A949-6E6C4B7924C9}.Release|Any CPU.Build.0 = Release|Any CPU
	EndGlobalSection
	GlobalSection(NestedProjects) = preSolution
		{3B487BB1-7AAF-40FF-B3F9-62C969BF4093} = {214DFA6D-A2F3-4FF4-84A7-A25593F596A3}
		{3377AAF7-B2C0-4DF9-9373-D27364605E03} = {214DFA6D-A2F3-4FF4-84A7-A25593F596A3}
		{5334972B-B503-435A-BE7A-4FD3129F27D2} = {214DFA6D-A2F3-4FF4-84A7-A25593F596A3}
		{11CABAB1-A33E-4E31-B791-4186E9787320} = {715BB07F-F935-4CA0-9E2A-6E30ABF0E447}
		{4D9AE48C-EF7C-42FA-944F-ABBCF00DD2C0} = {715BB07F-F935-4CA0-9E2A-6E30ABF0E447}
		{5B4CFDD7-5268-44DC-BB0C-F1627AE43D07} = {715BB07F-F935-4CA0-9E2A-6E30ABF0E447}
		{18B11A32-49AE-4BC4-B43B-C0A048704AD7} = {8A6DDD6A-1C24-4440-84B9-A967CB42A52C}
		{5B2F8CA4-3B86-48BF-8E2B-FFC9D7D571C6} = {8A6DDD6A-1C24-4440-84B9-A967CB42A52C}
		{0B84F657-F998-4541-B617-BAE0131F8340} = {8A6DDD6A-1C24-4440-84B9-A967CB42A52C}
		{DD91C1AB-D6C3-4466-B21F-ED48D44637B0} = {7D806A8F-96BE-462C-93EE-E6F7472AB39F}
		{CADB5210-A292-4DA7-A1F6-DFF6EB85DEED} = {7D806A8F-96BE-462C-93EE-E6F7472AB39F}
		{C9E17FF4-41FA-4871-A949-6E6C4B7924C9} = {7D806A8F-96BE-462C-93EE-E6F7472AB39F}
	EndGlobalSection
EndGlobal
