
Microsoft Visual Studio Solution File, Format Version 12.00
Project("{FAE04EC0-301F-11D3-BF4B-00C04F79EFBC}") = "TestApp", "TestApp\TestApp.csproj", "{5A04466F-6F28-42E1-A49B-1461BE0FFF4D}"
EndProject
Project("{FAE04EC0-301F-11D3-BF4B-00C04F79EFBC}") = "Calc", "Calc\Calc.csproj", "{12791B61-1D66-4F43-93ED-ECE9D2905E5F}"
EndProject
Project("{FAE04EC0-301F-11D3-BF4B-00C04F79EFBC}") = "Arrays", "Arrays\Arrays.csproj", "{B99D9FE2-74DF-492C-9A6C-5FC7924835BE}"
EndProject
Project("{FAE04EC0-301F-11D3-BF4B-00C04F79EFBC}") = "Strings", "Strings\Strings.csproj", "{49477D24-A202-42BF-9D1C-4ED1329F4059}"
EndProject
Project("{FAE04EC0-301F-11D3-BF4B-00C04F79EFBC}") = "Passwords", "Passwords\Passwords.csproj", "{EDB48FFE-6903-4596-B00A-A6915DC6B814}"
EndProject
Project("{FAE04EC0-301F-11D3-BF4B-00C04F79EFBC}") = "Calendar", "Calendar\Calendar.csproj", "{DBE63D26-422D-4B83-BF26-B29771D7BE9B}"
EndProject
Project("{FAE04EC0-301F-11D3-BF4B-00C04F79EFBC}") = "ArrayTest", "ArrayTest\ArrayTest.csproj", "{AD6C9E96-84F3-4F47-86CD-0F7E8B95E6FE}"
EndProject
Project("{FAE04EC0-301F-11D3-BF4B-00C04F79EFBC}") = "CalcTest", "CalcTest\CalcTest.csproj", "{07855E12-90EB-43EA-9818-B51EBE6E57EE}"
EndProject
Project("{2150E333-8FDC-42A3-9474-1A3956D46DE8}") = "Array", "Array", "{6CC92090-A545-461E-95FC-EC3755AC81ED}"
EndProject
Project("{2150E333-8FDC-42A3-9474-1A3956D46DE8}") = "Calc", "Calc", "{D11D3103-DA0D-4CBD-88A4-D64AD774BC21}"
EndProject
Project("{2150E333-8FDC-42A3-9474-1A3956D46DE8}") = "Passwords", "Passwords", "{C1221DBE-77F7-46AB-A1BC-E0AD9339F5C2}"
EndProject
Project("{2150E333-8FDC-42A3-9474-1A3956D46DE8}") = "Calendar", "Calendar", "{0E03852C-5CC7-401F-9CBC-0F663CD48876}"
EndProject
Project("{2150E333-8FDC-42A3-9474-1A3956D46DE8}") = "Strings", "Strings", "{F94695A9-B99A-4AAF-8254-289BCC093335}"
EndProject
Project("{FAE04EC0-301F-11D3-BF4B-00C04F79EFBC}") = "CalendarTest", "CalendarTest\CalendarTest.csproj", "{819072B1-8431-4826-BECB-CC952C6AD36E}"
EndProject
Project("{FAE04EC0-301F-11D3-BF4B-00C04F79EFBC}") = "PasswordsTest", "PasswordsTest\PasswordsTest.csproj", "{705A7FAC-5489-49C6-A008-FBA1FD271DD0}"
EndProject
Project("{FAE04EC0-301F-11D3-BF4B-00C04F79EFBC}") = "StringsTest", "StringsTest\StringsTest.csproj", "{592ADBA3-6A7E-4F11-B794-E0F45CAA1E82}"
EndProject
Global
	GlobalSection(SolutionConfigurationPlatforms) = preSolution
		Debug|Any CPU = Debug|Any CPU
		Release|Any CPU = Release|Any CPU
	EndGlobalSection
	GlobalSection(ProjectConfigurationPlatforms) = postSolution
		{5A04466F-6F28-42E1-A49B-1461BE0FFF4D}.Debug|Any CPU.ActiveCfg = Debug|Any CPU
		{5A04466F-6F28-42E1-A49B-1461BE0FFF4D}.Debug|Any CPU.Build.0 = Debug|Any CPU
		{5A04466F-6F28-42E1-A49B-1461BE0FFF4D}.Release|Any CPU.ActiveCfg = Release|Any CPU
		{5A04466F-6F28-42E1-A49B-1461BE0FFF4D}.Release|Any CPU.Build.0 = Release|Any CPU
		{12791B61-1D66-4F43-93ED-ECE9D2905E5F}.Debug|Any CPU.ActiveCfg = Debug|Any CPU
		{12791B61-1D66-4F43-93ED-ECE9D2905E5F}.Debug|Any CPU.Build.0 = Debug|Any CPU
		{12791B61-1D66-4F43-93ED-ECE9D2905E5F}.Release|Any CPU.ActiveCfg = Release|Any CPU
		{12791B61-1D66-4F43-93ED-ECE9D2905E5F}.Release|Any CPU.Build.0 = Release|Any CPU
		{B99D9FE2-74DF-492C-9A6C-5FC7924835BE}.Debug|Any CPU.ActiveCfg = Debug|Any CPU
		{B99D9FE2-74DF-492C-9A6C-5FC7924835BE}.Debug|Any CPU.Build.0 = Debug|Any CPU
		{B99D9FE2-74DF-492C-9A6C-5FC7924835BE}.Release|Any CPU.ActiveCfg = Release|Any CPU
		{B99D9FE2-74DF-492C-9A6C-5FC7924835BE}.Release|Any CPU.Build.0 = Release|Any CPU
		{49477D24-A202-42BF-9D1C-4ED1329F4059}.Debug|Any CPU.ActiveCfg = Debug|Any CPU
		{49477D24-A202-42BF-9D1C-4ED1329F4059}.Debug|Any CPU.Build.0 = Debug|Any CPU
		{49477D24-A202-42BF-9D1C-4ED1329F4059}.Release|Any CPU.ActiveCfg = Release|Any CPU
		{49477D24-A202-42BF-9D1C-4ED1329F4059}.Release|Any CPU.Build.0 = Release|Any CPU
		{EDB48FFE-6903-4596-B00A-A6915DC6B814}.Debug|Any CPU.ActiveCfg = Debug|Any CPU
		{EDB48FFE-6903-4596-B00A-A6915DC6B814}.Debug|Any CPU.Build.0 = Debug|Any CPU
		{EDB48FFE-6903-4596-B00A-A6915DC6B814}.Release|Any CPU.ActiveCfg = Release|Any CPU
		{EDB48FFE-6903-4596-B00A-A6915DC6B814}.Release|Any CPU.Build.0 = Release|Any CPU
		{DBE63D26-422D-4B83-BF26-B29771D7BE9B}.Debug|Any CPU.ActiveCfg = Debug|Any CPU
		{DBE63D26-422D-4B83-BF26-B29771D7BE9B}.Debug|Any CPU.Build.0 = Debug|Any CPU
		{DBE63D26-422D-4B83-BF26-B29771D7BE9B}.Release|Any CPU.ActiveCfg = Release|Any CPU
		{DBE63D26-422D-4B83-BF26-B29771D7BE9B}.Release|Any CPU.Build.0 = Release|Any CPU
		{AD6C9E96-84F3-4F47-86CD-0F7E8B95E6FE}.Debug|Any CPU.ActiveCfg = Debug|Any CPU
		{AD6C9E96-84F3-4F47-86CD-0F7E8B95E6FE}.Debug|Any CPU.Build.0 = Debug|Any CPU
		{AD6C9E96-84F3-4F47-86CD-0F7E8B95E6FE}.Release|Any CPU.ActiveCfg = Release|Any CPU
		{AD6C9E96-84F3-4F47-86CD-0F7E8B95E6FE}.Release|Any CPU.Build.0 = Release|Any CPU
		{07855E12-90EB-43EA-9818-B51EBE6E57EE}.Debug|Any CPU.ActiveCfg = Debug|Any CPU
		{07855E12-90EB-43EA-9818-B51EBE6E57EE}.Debug|Any CPU.Build.0 = Debug|Any CPU
		{07855E12-90EB-43EA-9818-B51EBE6E57EE}.Release|Any CPU.ActiveCfg = Release|Any CPU
		{07855E12-90EB-43EA-9818-B51EBE6E57EE}.Release|Any CPU.Build.0 = Release|Any CPU
		{819072B1-8431-4826-BECB-CC952C6AD36E}.Debug|Any CPU.ActiveCfg = Debug|Any CPU
		{819072B1-8431-4826-BECB-CC952C6AD36E}.Debug|Any CPU.Build.0 = Debug|Any CPU
		{819072B1-8431-4826-BECB-CC952C6AD36E}.Release|Any CPU.ActiveCfg = Release|Any CPU
		{819072B1-8431-4826-BECB-CC952C6AD36E}.Release|Any CPU.Build.0 = Release|Any CPU
		{705A7FAC-5489-49C6-A008-FBA1FD271DD0}.Debug|Any CPU.ActiveCfg = Debug|Any CPU
		{705A7FAC-5489-49C6-A008-FBA1FD271DD0}.Debug|Any CPU.Build.0 = Debug|Any CPU
		{705A7FAC-5489-49C6-A008-FBA1FD271DD0}.Release|Any CPU.ActiveCfg = Release|Any CPU
		{705A7FAC-5489-49C6-A008-FBA1FD271DD0}.Release|Any CPU.Build.0 = Release|Any CPU
		{592ADBA3-6A7E-4F11-B794-E0F45CAA1E82}.Debug|Any CPU.ActiveCfg = Debug|Any CPU
		{592ADBA3-6A7E-4F11-B794-E0F45CAA1E82}.Debug|Any CPU.Build.0 = Debug|Any CPU
		{592ADBA3-6A7E-4F11-B794-E0F45CAA1E82}.Release|Any CPU.ActiveCfg = Release|Any CPU
		{592ADBA3-6A7E-4F11-B794-E0F45CAA1E82}.Release|Any CPU.Build.0 = Release|Any CPU
	EndGlobalSection
	GlobalSection(NestedProjects) = preSolution
		{B99D9FE2-74DF-492C-9A6C-5FC7924835BE} = {6CC92090-A545-461E-95FC-EC3755AC81ED}
		{AD6C9E96-84F3-4F47-86CD-0F7E8B95E6FE} = {6CC92090-A545-461E-95FC-EC3755AC81ED}
		{12791B61-1D66-4F43-93ED-ECE9D2905E5F} = {D11D3103-DA0D-4CBD-88A4-D64AD774BC21}
		{07855E12-90EB-43EA-9818-B51EBE6E57EE} = {D11D3103-DA0D-4CBD-88A4-D64AD774BC21}
		{EDB48FFE-6903-4596-B00A-A6915DC6B814} = {C1221DBE-77F7-46AB-A1BC-E0AD9339F5C2}
		{DBE63D26-422D-4B83-BF26-B29771D7BE9B} = {0E03852C-5CC7-401F-9CBC-0F663CD48876}
		{49477D24-A202-42BF-9D1C-4ED1329F4059} = {F94695A9-B99A-4AAF-8254-289BCC093335}
		{819072B1-8431-4826-BECB-CC952C6AD36E} = {0E03852C-5CC7-401F-9CBC-0F663CD48876}
		{705A7FAC-5489-49C6-A008-FBA1FD271DD0} = {C1221DBE-77F7-46AB-A1BC-E0AD9339F5C2}
		{592ADBA3-6A7E-4F11-B794-E0F45CAA1E82} = {F94695A9-B99A-4AAF-8254-289BCC093335}
	EndGlobalSection
EndGlobal
